// !$*UTF8*$!
{
	archiveVersion = 1;
	classes = {
	};
	objectVersion = 50;
	objects = {

/* Begin PBXBuildFile section */
		041CE55925BAAA9A00275966 /* CustomAlertController.xib in Resources */ = {isa = PBXBuildFile; fileRef = 041CE55825BAAA9A00275966 /* CustomAlertController.xib */; };
		041CE55D25BAB6A700275966 /* CustomAlertController.swift in Sources */ = {isa = PBXBuildFile; fileRef = 041CE55C25BAB6A700275966 /* CustomAlertController.swift */; };
		041CE56125BACE8700275966 /* ExpandedResultViewController.swift in Sources */ = {isa = PBXBuildFile; fileRef = 041CE56025BACE8700275966 /* ExpandedResultViewController.swift */; };
		04DD5170259A23EE0052C722 /* AppDelegate.swift in Sources */ = {isa = PBXBuildFile; fileRef = 04DD516F259A23EE0052C722 /* AppDelegate.swift */; };
		04DD5172259A23EE0052C722 /* SceneDelegate.swift in Sources */ = {isa = PBXBuildFile; fileRef = 04DD5171259A23EE0052C722 /* SceneDelegate.swift */; };
		04DD5177259A23EE0052C722 /* Main.storyboard in Resources */ = {isa = PBXBuildFile; fileRef = 04DD5175259A23EE0052C722 /* Main.storyboard */; };
		04DD517A259A23EE0052C722 /* Psychotype.xcdatamodeld in Sources */ = {isa = PBXBuildFile; fileRef = 04DD5178259A23EE0052C722 /* Psychotype.xcdatamodeld */; };
		04DD517C259A23EF0052C722 /* Assets.xcassets in Resources */ = {isa = PBXBuildFile; fileRef = 04DD517B259A23EF0052C722 /* Assets.xcassets */; };
		04DD517F259A23EF0052C722 /* LaunchScreen.storyboard in Resources */ = {isa = PBXBuildFile; fileRef = 04DD517D259A23EF0052C722 /* LaunchScreen.storyboard */; };
		04DD5188259A25D00052C722 /* Type.swift in Sources */ = {isa = PBXBuildFile; fileRef = 04DD5187259A25D00052C722 /* Type.swift */; };
		04DD518D259A29F30052C722 /* Question.swift in Sources */ = {isa = PBXBuildFile; fileRef = 04DD518C259A29F30052C722 /* Question.swift */; };
		04DD5190259A3AC40052C722 /* ResponseType.swift in Sources */ = {isa = PBXBuildFile; fileRef = 04DD518F259A3AC40052C722 /* ResponseType.swift */; };
		04DD5193259A3DEA0052C722 /* Answer.swift in Sources */ = {isa = PBXBuildFile; fileRef = 04DD5192259A3DEA0052C722 /* Answer.swift */; };
		04DD5197259CFC950052C722 /* QuestionsViewController.swift in Sources */ = {isa = PBXBuildFile; fileRef = 04DD5196259CFC950052C722 /* QuestionsViewController.swift */; };
		04DD519A259CFCF90052C722 /* ResultViewController.swift in Sources */ = {isa = PBXBuildFile; fileRef = 04DD5199259CFCF90052C722 /* ResultViewController.swift */; };
		04DD519E259E01190052C722 /* CustomButton.swift in Sources */ = {isa = PBXBuildFile; fileRef = 04DD519D259E01190052C722 /* CustomButton.swift */; };
		04EC877825ADE77C00617420 /* Test.swift in Sources */ = {isa = PBXBuildFile; fileRef = 04EC877725ADE77C00617420 /* Test.swift */; };
		04FCD95625B5AB6C00B0F3F4 /* DescriptionViewController.swift in Sources */ = {isa = PBXBuildFile; fileRef = 04FCD95525B5AB6C00B0F3F4 /* DescriptionViewController.swift */; };
		04FCD95A25B5E64F00B0F3F4 /* CoreDataManager.swift in Sources */ = {isa = PBXBuildFile; fileRef = 04FCD95925B5E64F00B0F3F4 /* CoreDataManager.swift */; };
		04FCD97325B7402100B0F3F4 /* ResultsTableTableViewController.swift in Sources */ = {isa = PBXBuildFile; fileRef = 04FCD97225B7402100B0F3F4 /* ResultsTableTableViewController.swift */; };
		04FCD97725B7404300B0F3F4 /* ResultsTableViewCell.swift in Sources */ = {isa = PBXBuildFile; fileRef = 04FCD97625B7404300B0F3F4 /* ResultsTableViewCell.swift */; };
		04FCD97D25B85D7500B0F3F4 /* TestsTableViewCell.swift in Sources */ = {isa = PBXBuildFile; fileRef = 04FCD97C25B85D7500B0F3F4 /* TestsTableViewCell.swift */; };
		04FCD98825B88FAF00B0F3F4 /* TestsTableViewController.swift in Sources */ = {isa = PBXBuildFile; fileRef = 04FCD98725B88FAF00B0F3F4 /* TestsTableViewController.swift */; };
/* End PBXBuildFile section */

/* Begin PBXFileReference section */
		041CE55825BAAA9A00275966 /* CustomAlertController.xib */ = {isa = PBXFileReference; lastKnownFileType = file.xib; path = CustomAlertController.xib; sourceTree = "<group>"; };
		041CE55C25BAB6A700275966 /* CustomAlertController.swift */ = {isa = PBXFileReference; lastKnownFileType = sourcecode.swift; path = CustomAlertController.swift; sourceTree = "<group>"; };
		041CE56025BACE8700275966 /* ExpandedResultViewController.swift */ = {isa = PBXFileReference; lastKnownFileType = sourcecode.swift; path = ExpandedResultViewController.swift; sourceTree = "<group>"; };
		04DD516C259A23EE0052C722 /* Psychotype.app */ = {isa = PBXFileReference; explicitFileType = wrapper.application; includeInIndex = 0; path = Psychotype.app; sourceTree = BUILT_PRODUCTS_DIR; };
		04DD516F259A23EE0052C722 /* AppDelegate.swift */ = {isa = PBXFileReference; lastKnownFileType = sourcecode.swift; path = AppDelegate.swift; sourceTree = "<group>"; };
		04DD5171259A23EE0052C722 /* SceneDelegate.swift */ = {isa = PBXFileReference; lastKnownFileType = sourcecode.swift; path = SceneDelegate.swift; sourceTree = "<group>"; };
		04DD5176259A23EE0052C722 /* Base */ = {isa = PBXFileReference; lastKnownFileType = file.storyboard; name = Base; path = Base.lproj/Main.storyboard; sourceTree = "<group>"; };
		04DD5179259A23EE0052C722 /* Psychotype.xcdatamodel */ = {isa = PBXFileReference; lastKnownFileType = wrapper.xcdatamodel; path = Psychotype.xcdatamodel; sourceTree = "<group>"; };
		04DD517B259A23EF0052C722 /* Assets.xcassets */ = {isa = PBXFileReference; lastKnownFileType = folder.assetcatalog; path = Assets.xcassets; sourceTree = "<group>"; };
		04DD517E259A23EF0052C722 /* Base */ = {isa = PBXFileReference; lastKnownFileType = file.storyboard; name = Base; path = Base.lproj/LaunchScreen.storyboard; sourceTree = "<group>"; };
		04DD5180259A23EF0052C722 /* Info.plist */ = {isa = PBXFileReference; lastKnownFileType = text.plist.xml; path = Info.plist; sourceTree = "<group>"; };
		04DD5187259A25D00052C722 /* Type.swift */ = {isa = PBXFileReference; lastKnownFileType = sourcecode.swift; path = Type.swift; sourceTree = "<group>"; };
		04DD518C259A29F30052C722 /* Question.swift */ = {isa = PBXFileReference; lastKnownFileType = sourcecode.swift; path = Question.swift; sourceTree = "<group>"; };
		04DD518F259A3AC40052C722 /* ResponseType.swift */ = {isa = PBXFileReference; lastKnownFileType = sourcecode.swift; path = ResponseType.swift; sourceTree = "<group>"; };
		04DD5192259A3DEA0052C722 /* Answer.swift */ = {isa = PBXFileReference; lastKnownFileType = sourcecode.swift; path = Answer.swift; sourceTree = "<group>"; };
		04DD5196259CFC950052C722 /* QuestionsViewController.swift */ = {isa = PBXFileReference; lastKnownFileType = sourcecode.swift; path = QuestionsViewController.swift; sourceTree = "<group>"; };
		04DD5199259CFCF90052C722 /* ResultViewController.swift */ = {isa = PBXFileReference; lastKnownFileType = sourcecode.swift; path = ResultViewController.swift; sourceTree = "<group>"; };
		04DD519D259E01190052C722 /* CustomButton.swift */ = {isa = PBXFileReference; lastKnownFileType = sourcecode.swift; path = CustomButton.swift; sourceTree = "<group>"; };
		04EC877725ADE77C00617420 /* Test.swift */ = {isa = PBXFileReference; lastKnownFileType = sourcecode.swift; path = Test.swift; sourceTree = "<group>"; };
		04FCD95525B5AB6C00B0F3F4 /* DescriptionViewController.swift */ = {isa = PBXFileReference; lastKnownFileType = sourcecode.swift; path = DescriptionViewController.swift; sourceTree = "<group>"; };
		04FCD95925B5E64F00B0F3F4 /* CoreDataManager.swift */ = {isa = PBXFileReference; lastKnownFileType = sourcecode.swift; path = CoreDataManager.swift; sourceTree = "<group>"; };
		04FCD97225B7402100B0F3F4 /* ResultsTableTableViewController.swift */ = {isa = PBXFileReference; lastKnownFileType = sourcecode.swift; path = ResultsTableTableViewController.swift; sourceTree = "<group>"; };
		04FCD97625B7404300B0F3F4 /* ResultsTableViewCell.swift */ = {isa = PBXFileReference; lastKnownFileType = sourcecode.swift; path = ResultsTableViewCell.swift; sourceTree = "<group>"; };
		04FCD97C25B85D7500B0F3F4 /* TestsTableViewCell.swift */ = {isa = PBXFileReference; lastKnownFileType = sourcecode.swift; path = TestsTableViewCell.swift; sourceTree = "<group>"; };
		04FCD98725B88FAF00B0F3F4 /* TestsTableViewController.swift */ = {isa = PBXFileReference; lastKnownFileType = sourcecode.swift; path = TestsTableViewController.swift; sourceTree = "<group>"; };
/* End PBXFileReference section */

/* Begin PBXFrameworksBuildPhase section */
		04DD5169259A23EE0052C722 /* Frameworks */ = {
			isa = PBXFrameworksBuildPhase;
			buildActionMask = 2147483647;
			files = (
			);
			runOnlyForDeploymentPostprocessing = 0;
		};
/* End PBXFrameworksBuildPhase section */

/* Begin PBXGroup section */
		04DD5163259A23EE0052C722 = {
			isa = PBXGroup;
			children = (
				04DD516E259A23EE0052C722 /* Psychotype */,
				04DD516D259A23EE0052C722 /* Products */,
			);
			sourceTree = "<group>";
		};
		04DD516D259A23EE0052C722 /* Products */ = {
			isa = PBXGroup;
			children = (
				04DD516C259A23EE0052C722 /* Psychotype.app */,
			);
			name = Products;
			sourceTree = "<group>";
		};
		04DD516E259A23EE0052C722 /* Psychotype */ = {
			isa = PBXGroup;
			children = (
				04DD516F259A23EE0052C722 /* AppDelegate.swift */,
				04DD5171259A23EE0052C722 /* SceneDelegate.swift */,
				04DD518A259A25E10052C722 /* Models */,
				04FCD98025B864A900B0F3F4 /* Controllers */,
				04FCD98125B864EB00B0F3F4 /* Cells */,
				04FCD98225B8650000B0F3F4 /* Managers */,
				04FCD98425B8651700B0F3F4 /* CustomView */,
				041CE55825BAAA9A00275966 /* CustomAlertController.xib */,
				04DD5175259A23EE0052C722 /* Main.storyboard */,
				04DD517B259A23EF0052C722 /* Assets.xcassets */,
				04DD517D259A23EF0052C722 /* LaunchScreen.storyboard */,
				04DD5180259A23EF0052C722 /* Info.plist */,
				04DD5178259A23EE0052C722 /* Psychotype.xcdatamodeld */,
			);
			path = Psychotype;
			sourceTree = "<group>";
		};
		04DD518A259A25E10052C722 /* Models */ = {
			isa = PBXGroup;
			children = (
				04EC877725ADE77C00617420 /* Test.swift */,
				04DD518C259A29F30052C722 /* Question.swift */,
				04DD5192259A3DEA0052C722 /* Answer.swift */,
				04DD5187259A25D00052C722 /* Type.swift */,
				04DD518F259A3AC40052C722 /* ResponseType.swift */,
			);
			path = Models;
			sourceTree = "<group>";
		};
		04FCD98025B864A900B0F3F4 /* Controllers */ = {
			isa = PBXGroup;
			children = (
				04FCD98725B88FAF00B0F3F4 /* TestsTableViewController.swift */,
				04FCD95525B5AB6C00B0F3F4 /* DescriptionViewController.swift */,
				04DD5196259CFC950052C722 /* QuestionsViewController.swift */,
				04DD5199259CFCF90052C722 /* ResultViewController.swift */,
				04FCD97225B7402100B0F3F4 /* ResultsTableTableViewController.swift */,
				041CE56025BACE8700275966 /* ExpandedResultViewController.swift */,
			);
			path = Controllers;
			sourceTree = "<group>";
		};
		04FCD98125B864EB00B0F3F4 /* Cells */ = {
			isa = PBXGroup;
			children = (
				04FCD97C25B85D7500B0F3F4 /* TestsTableViewCell.swift */,
				04FCD97625B7404300B0F3F4 /* ResultsTableViewCell.swift */,
			);
			path = Cells;
			sourceTree = "<group>";
		};
		04FCD98225B8650000B0F3F4 /* Managers */ = {
			isa = PBXGroup;
			children = (
				04FCD95925B5E64F00B0F3F4 /* CoreDataManager.swift */,
			);
			path = Managers;
			sourceTree = "<group>";
		};
		04FCD98425B8651700B0F3F4 /* CustomView */ = {
			isa = PBXGroup;
			children = (
				041CE55C25BAB6A700275966 /* CustomAlertController.swift */,
				04DD519D259E01190052C722 /* CustomButton.swift */,
			);
			path = CustomView;
			sourceTree = "<group>";
		};
/* End PBXGroup section */

/* Begin PBXNativeTarget section */
		04DD516B259A23EE0052C722 /* Psychotype */ = {
			isa = PBXNativeTarget;
			buildConfigurationList = 04DD5183259A23EF0052C722 /* Build configuration list for PBXNativeTarget "Psychotype" */;
			buildPhases = (
				04DD5168259A23EE0052C722 /* Sources */,
				04DD5169259A23EE0052C722 /* Frameworks */,
				04DD516A259A23EE0052C722 /* Resources */,
			);
			buildRules = (
			);
			dependencies = (
			);
			name = Psychotype;
			productName = Psychotype;
			productReference = 04DD516C259A23EE0052C722 /* Psychotype.app */;
			productType = "com.apple.product-type.application";
		};
/* End PBXNativeTarget section */

/* Begin PBXProject section */
		04DD5164259A23EE0052C722 /* Project object */ = {
			isa = PBXProject;
			attributes = {
				LastSwiftUpdateCheck = 1210;
				LastUpgradeCheck = 1210;
				TargetAttributes = {
					04DD516B259A23EE0052C722 = {
						CreatedOnToolsVersion = 12.1;
					};
				};
			};
			buildConfigurationList = 04DD5167259A23EE0052C722 /* Build configuration list for PBXProject "Psychotype" */;
			compatibilityVersion = "Xcode 9.3";
			developmentRegion = en;
			hasScannedForEncodings = 0;
			knownRegions = (
				en,
				Base,
			);
			mainGroup = 04DD5163259A23EE0052C722;
			productRefGroup = 04DD516D259A23EE0052C722 /* Products */;
			projectDirPath = "";
			projectRoot = "";
			targets = (
				04DD516B259A23EE0052C722 /* Psychotype */,
			);
		};
/* End PBXProject section */

/* Begin PBXResourcesBuildPhase section */
		04DD516A259A23EE0052C722 /* Resources */ = {
			isa = PBXResourcesBuildPhase;
			buildActionMask = 2147483647;
			files = (
				04DD517F259A23EF0052C722 /* LaunchScreen.storyboard in Resources */,
				041CE55925BAAA9A00275966 /* CustomAlertController.xib in Resources */,
				04DD517C259A23EF0052C722 /* Assets.xcassets in Resources */,
				04DD5177259A23EE0052C722 /* Main.storyboard in Resources */,
			);
			runOnlyForDeploymentPostprocessing = 0;
		};
/* End PBXResourcesBuildPhase section */

/* Begin PBXSourcesBuildPhase section */
		04DD5168259A23EE0052C722 /* Sources */ = {
			isa = PBXSourcesBuildPhase;
			buildActionMask = 2147483647;
			files = (
				04DD5188259A25D00052C722 /* Type.swift in Sources */,
				04FCD97325B7402100B0F3F4 /* ResultsTableTableViewController.swift in Sources */,
				04FCD95625B5AB6C00B0F3F4 /* DescriptionViewController.swift in Sources */,
				041CE56125BACE8700275966 /* ExpandedResultViewController.swift in Sources */,
				041CE55D25BAB6A700275966 /* CustomAlertController.swift in Sources */,
				04FCD95A25B5E64F00B0F3F4 /* CoreDataManager.swift in Sources */,
				04DD5170259A23EE0052C722 /* AppDelegate.swift in Sources */,
				04DD518D259A29F30052C722 /* Question.swift in Sources */,
				04DD5172259A23EE0052C722 /* SceneDelegate.swift in Sources */,
				04EC877825ADE77C00617420 /* Test.swift in Sources */,
				04FCD97D25B85D7500B0F3F4 /* TestsTableViewCell.swift in Sources */,
				04DD519A259CFCF90052C722 /* ResultViewController.swift in Sources */,
				04FCD98825B88FAF00B0F3F4 /* TestsTableViewController.swift in Sources */,
				04FCD97725B7404300B0F3F4 /* ResultsTableViewCell.swift in Sources */,
				04DD5197259CFC950052C722 /* QuestionsViewController.swift in Sources */,
				04DD519E259E01190052C722 /* CustomButton.swift in Sources */,
				04DD517A259A23EE0052C722 /* Psychotype.xcdatamodeld in Sources */,
				04DD5190259A3AC40052C722 /* ResponseType.swift in Sources */,
				04DD5193259A3DEA0052C722 /* Answer.swift in Sources */,
			);
			runOnlyForDeploymentPostprocessing = 0;
		};
/* End PBXSourcesBuildPhase section */

/* Begin PBXVariantGroup section */
		04DD5175259A23EE0052C722 /* Main.storyboard */ = {
			isa = PBXVariantGroup;
			children = (
				04DD5176259A23EE0052C722 /* Base */,
			);
			name = Main.storyboard;
			sourceTree = "<group>";
		};
		04DD517D259A23EF0052C722 /* LaunchScreen.storyboard */ = {
			isa = PBXVariantGroup;
			children = (
				04DD517E259A23EF0052C722 /* Base */,
			);
			name = LaunchScreen.storyboard;
			sourceTree = "<group>";
		};
/* End PBXVariantGroup section */

/* Begin XCBuildConfiguration section */
		04DD5181259A23EF0052C722 /* Debug */ = {
			isa = XCBuildConfiguration;
			buildSettings = {
				ALWAYS_SEARCH_USER_PATHS = NO;
				CLANG_ANALYZER_NONNULL = YES;
				CLANG_ANALYZER_NUMBER_OBJECT_CONVERSION = YES_AGGRESSIVE;
				CLANG_CXX_LANGUAGE_STANDARD = "gnu++14";
				CLANG_CXX_LIBRARY = "libc++";
				CLANG_ENABLE_MODULES = YES;
				CLANG_ENABLE_OBJC_ARC = YES;
				CLANG_ENABLE_OBJC_WEAK = YES;
				CLANG_WARN_BLOCK_CAPTURE_AUTORELEASING = YES;
				CLANG_WARN_BOOL_CONVERSION = YES;
				CLANG_WARN_COMMA = YES;
				CLANG_WARN_CONSTANT_CONVERSION = YES;
				CLANG_WARN_DEPRECATED_OBJC_IMPLEMENTATIONS = YES;
				CLANG_WARN_DIRECT_OBJC_ISA_USAGE = YES_ERROR;
				CLANG_WARN_DOCUMENTATION_COMMENTS = YES;
				CLANG_WARN_EMPTY_BODY = YES;
				CLANG_WARN_ENUM_CONVERSION = YES;
				CLANG_WARN_INFINITE_RECURSION = YES;
				CLANG_WARN_INT_CONVERSION = YES;
				CLANG_WARN_NON_LITERAL_NULL_CONVERSION = YES;
				CLANG_WARN_OBJC_IMPLICIT_RETAIN_SELF = YES;
				CLANG_WARN_OBJC_LITERAL_CONVERSION = YES;
				CLANG_WARN_OBJC_ROOT_CLASS = YES_ERROR;
				CLANG_WARN_QUOTED_INCLUDE_IN_FRAMEWORK_HEADER = YES;
				CLANG_WARN_RANGE_LOOP_ANALYSIS = YES;
				CLANG_WARN_STRICT_PROTOTYPES = YES;
				CLANG_WARN_SUSPICIOUS_MOVE = YES;
				CLANG_WARN_UNGUARDED_AVAILABILITY = YES_AGGRESSIVE;
				CLANG_WARN_UNREACHABLE_CODE = YES;
				CLANG_WARN__DUPLICATE_METHOD_MATCH = YES;
				COPY_PHASE_STRIP = NO;
				DEBUG_INFORMATION_FORMAT = dwarf;
				ENABLE_STRICT_OBJC_MSGSEND = YES;
				ENABLE_TESTABILITY = YES;
				GCC_C_LANGUAGE_STANDARD = gnu11;
				GCC_DYNAMIC_NO_PIC = NO;
				GCC_NO_COMMON_BLOCKS = YES;
				GCC_OPTIMIZATION_LEVEL = 0;
				GCC_PREPROCESSOR_DEFINITIONS = (
					"DEBUG=1",
					"$(inherited)",
				);
				GCC_WARN_64_TO_32_BIT_CONVERSION = YES;
				GCC_WARN_ABOUT_RETURN_TYPE = YES_ERROR;
				GCC_WARN_UNDECLARED_SELECTOR = YES;
				GCC_WARN_UNINITIALIZED_AUTOS = YES_AGGRESSIVE;
				GCC_WARN_UNUSED_FUNCTION = YES;
				GCC_WARN_UNUSED_VARIABLE = YES;
				IPHONEOS_DEPLOYMENT_TARGET = 14.1;
				MTL_ENABLE_DEBUG_INFO = INCLUDE_SOURCE;
				MTL_FAST_MATH = YES;
				ONLY_ACTIVE_ARCH = YES;
				SDKROOT = iphoneos;
				SWIFT_ACTIVE_COMPILATION_CONDITIONS = DEBUG;
				SWIFT_OPTIMIZATION_LEVEL = "-Onone";
			};
			name = Debug;
		};
		04DD5182259A23EF0052C722 /* Release */ = {
			isa = XCBuildConfiguration;
			buildSettings = {
				ALWAYS_SEARCH_USER_PATHS = NO;
				CLANG_ANALYZER_NONNULL = YES;
				CLANG_ANALYZER_NUMBER_OBJECT_CONVERSION = YES_AGGRESSIVE;
				CLANG_CXX_LANGUAGE_STANDARD = "gnu++14";
				CLANG_CXX_LIBRARY = "libc++";
				CLANG_ENABLE_MODULES = YES;
				CLANG_ENABLE_OBJC_ARC = YES;
				CLANG_ENABLE_OBJC_WEAK = YES;
				CLANG_WARN_BLOCK_CAPTURE_AUTORELEASING = YES;
				CLANG_WARN_BOOL_CONVERSION = YES;
				CLANG_WARN_COMMA = YES;
				CLANG_WARN_CONSTANT_CONVERSION = YES;
				CLANG_WARN_DEPRECATED_OBJC_IMPLEMENTATIONS = YES;
				CLANG_WARN_DIRECT_OBJC_ISA_USAGE = YES_ERROR;
				CLANG_WARN_DOCUMENTATION_COMMENTS = YES;
				CLANG_WARN_EMPTY_BODY = YES;
				CLANG_WARN_ENUM_CONVERSION = YES;
				CLANG_WARN_INFINITE_RECURSION = YES;
				CLANG_WARN_INT_CONVERSION = YES;
				CLANG_WARN_NON_LITERAL_NULL_CONVERSION = YES;
				CLANG_WARN_OBJC_IMPLICIT_RETAIN_SELF = YES;
				CLANG_WARN_OBJC_LITERAL_CONVERSION = YES;
				CLANG_WARN_OBJC_ROOT_CLASS = YES_ERROR;
				CLANG_WARN_QUOTED_INCLUDE_IN_FRAMEWORK_HEADER = YES;
				CLANG_WARN_RANGE_LOOP_ANALYSIS = YES;
				CLANG_WARN_STRICT_PROTOTYPES = YES;
				CLANG_WARN_SUSPICIOUS_MOVE = YES;
				CLANG_WARN_UNGUARDED_AVAILABILITY = YES_AGGRESSIVE;
				CLANG_WARN_UNREACHABLE_CODE = YES;
				CLANG_WARN__DUPLICATE_METHOD_MATCH = YES;
				COPY_PHASE_STRIP = NO;
				DEBUG_INFORMATION_FORMAT = "dwarf-with-dsym";
				ENABLE_NS_ASSERTIONS = NO;
				ENABLE_STRICT_OBJC_MSGSEND = YES;
				GCC_C_LANGUAGE_STANDARD = gnu11;
				GCC_NO_COMMON_BLOCKS = YES;
				GCC_WARN_64_TO_32_BIT_CONVERSION = YES;
				GCC_WARN_ABOUT_RETURN_TYPE = YES_ERROR;
				GCC_WARN_UNDECLARED_SELECTOR = YES;
				GCC_WARN_UNINITIALIZED_AUTOS = YES_AGGRESSIVE;
				GCC_WARN_UNUSED_FUNCTION = YES;
				GCC_WARN_UNUSED_VARIABLE = YES;
				IPHONEOS_DEPLOYMENT_TARGET = 14.1;
				MTL_ENABLE_DEBUG_INFO = NO;
				MTL_FAST_MATH = YES;
				SDKROOT = iphoneos;
				SWIFT_COMPILATION_MODE = wholemodule;
				SWIFT_OPTIMIZATION_LEVEL = "-O";
				VALIDATE_PRODUCT = YES;
			};
			name = Release;
		};
		04DD5184259A23EF0052C722 /* Debug */ = {
			isa = XCBuildConfiguration;
			buildSettings = {
				ASSETCATALOG_COMPILER_APPICON_NAME = AppIcon;
				ASSETCATALOG_COMPILER_GLOBAL_ACCENT_COLOR_NAME = AccentColor;
				CODE_SIGN_STYLE = Automatic;
				DEVELOPMENT_TEAM = CHTPQXNS34;
				INFOPLIST_FILE = Psychotype/Info.plist;
				IPHONEOS_DEPLOYMENT_TARGET = 13.0;
				LD_RUNPATH_SEARCH_PATHS = (
					"$(inherited)",
					"@executable_path/Frameworks",
				);
				PRODUCT_BUNDLE_IDENTIFIER = "Sofya-Zakharova.Psychotype";
				PRODUCT_NAME = "$(TARGET_NAME)";
				SWIFT_VERSION = 5.0;
				TARGETED_DEVICE_FAMILY = "1,2";
			};
			name = Debug;
		};
		04DD5185259A23EF0052C722 /* Release */ = {
			isa = XCBuildConfiguration;
			buildSettings = {
				ASSETCATALOG_COMPILER_APPICON_NAME = AppIcon;
				ASSETCATALOG_COMPILER_GLOBAL_ACCENT_COLOR_NAME = AccentColor;
				CODE_SIGN_STYLE = Automatic;
				DEVELOPMENT_TEAM = CHTPQXNS34;
				INFOPLIST_FILE = Psychotype/Info.plist;
				IPHONEOS_DEPLOYMENT_TARGET = 13.0;
				LD_RUNPATH_SEARCH_PATHS = (
					"$(inherited)",
					"@executable_path/Frameworks",
				);
				PRODUCT_BUNDLE_IDENTIFIER = "Sofya-Zakharova.Psychotype";
				PRODUCT_NAME = "$(TARGET_NAME)";
				SWIFT_VERSION = 5.0;
				TARGETED_DEVICE_FAMILY = "1,2";
			};
			name = Release;
		};
/* End XCBuildConfiguration section */

/* Begin XCConfigurationList section */
		04DD5167259A23EE0052C722 /* Build configuration list for PBXProject "Psychotype" */ = {
			isa = XCConfigurationList;
			buildConfigurations = (
				04DD5181259A23EF0052C722 /* Debug */,
				04DD5182259A23EF0052C722 /* Release */,
			);
			defaultConfigurationIsVisible = 0;
			defaultConfigurationName = Release;
		};
		04DD5183259A23EF0052C722 /* Build configuration list for PBXNativeTarget "Psychotype" */ = {
			isa = XCConfigurationList;
			buildConfigurations = (
				04DD5184259A23EF0052C722 /* Debug */,
				04DD5185259A23EF0052C722 /* Release */,
			);
			defaultConfigurationIsVisible = 0;
			defaultConfigurationName = Release;
		};
/* End XCConfigurationList section */

/* Begin XCVersionGroup section */
		04DD5178259A23EE0052C722 /* Psychotype.xcdatamodeld */ = {
			isa = XCVersionGroup;
			children = (
				04DD5179259A23EE0052C722 /* Psychotype.xcdatamodel */,
			);
			currentVersion = 04DD5179259A23EE0052C722 /* Psychotype.xcdatamodel */;
			path = Psychotype.xcdatamodeld;
			sourceTree = "<group>";
			versionGroupType = wrapper.xcdatamodel;
		};
/* End XCVersionGroup section */
	};
	rootObject = 04DD5164259A23EE0052C722 /* Project object */;
}
