// !$*UTF8*$!
{
	archiveVersion = 1;
	classes = {
	};
	objectVersion = 50;
	objects = {

/* Begin PBXBuildFile section */
		04DD5170259A23EE0052C722 /* AppDelegate.swift in Sources */ = {isa = PBXBuildFile; fileRef = 04DD516F259A23EE0052C722 /* AppDelegate.swift */; };
		04DD5172259A23EE0052C722 /* SceneDelegate.swift in Sources */ = {isa = PBXBuildFile; fileRef = 04DD5171259A23EE0052C722 /* SceneDelegate.swift */; };
		04DD5174259A23EE0052C722 /* ViewController.swift in Sources */ = {isa = PBXBuildFile; fileRef = 04DD5173259A23EE0052C722 /* ViewController.swift */; };
		04DD5177259A23EE0052C722 /* Main.storyboard in Resources */ = {isa = PBXBuildFile; fileRef = 04DD5175259A23EE0052C722 /* Main.storyboard */; };
		04DD517A259A23EE0052C722 /* Psychotype.xcdatamodeld in Sources */ = {isa = PBXBuildFile; fileRef = 04DD5178259A23EE0052C722 /* Psychotype.xcdatamodeld */; };
		04DD517C259A23EF0052C722 /* Assets.xcassets in Resources */ = {isa = PBXBuildFile; fileRef = 04DD517B259A23EF0052C722 /* Assets.xcassets */; };
		04DD517F259A23EF0052C722 /* LaunchScreen.storyboard in Resources */ = {isa = PBXBuildFile; fileRef = 04DD517D259A23EF0052C722 /* LaunchScreen.storyboard */; };
/* End PBXBuildFile section */

/* Begin PBXFileReference section */
		04DD516C259A23EE0052C722 /* Psychotype.app */ = {isa = PBXFileReference; explicitFileType = wrapper.application; includeInIndex = 0; path = Psychotype.app; sourceTree = BUILT_PRODUCTS_DIR; };
		04DD516F259A23EE0052C722 /* AppDelegate.swift */ = {isa = PBXFileReference; lastKnownFileType = sourcecode.swift; path = AppDelegate.swift; sourceTree = "<group>"; };
		04DD5171259A23EE0052C722 /* SceneDelegate.swift */ = {isa = PBXFileReference; lastKnownFileType = sourcecode.swift; path = SceneDelegate.swift; sourceTree = "<group>"; };
		04DD5173259A23EE0052C722 /* ViewController.swift */ = {isa = PBXFileReference; lastKnownFileType = sourcecode.swift; path = ViewController.swift; sourceTree = "<group>"; };
		04DD5176259A23EE0052C722 /* Base */ = {isa = PBXFileReference; lastKnownFileType = file.storyboard; name = Base; path = Base.lproj/Main.storyboard; sourceTree = "<group>"; };
		04DD5179259A23EE0052C722 /* Psychotype.xcdatamodel */ = {isa = PBXFileReference; lastKnownFileType = wrapper.xcdatamodel; path = Psychotype.xcdatamodel; sourceTree = "<group>"; };
		04DD517B259A23EF0052C722 /* Assets.xcassets */ = {isa = PBXFileReference; lastKnownFileType = folder.assetcatalog; path = Assets.xcassets; sourceTree = "<group>"; };
		04DD517E259A23EF0052C722 /* Base */ = {isa = PBXFileReference; lastKnownFileType = file.storyboard; name = Base; path = Base.lproj/LaunchScreen.storyboard; sourceTree = "<group>"; };
		04DD5180259A23EF0052C722 /* Info.plist */ = {isa = PBXFileReference; lastKnownFileType = text.plist.xml; path = Info.plist; sourceTree = "<group>"; };
/* End PBXFileReference section */

/* Begin PBXFrameworksBuildPhase section */
		04DD5169259A23EE0052C722 /* Frameworks */ = {
			isa = PBXFrameworksBuildPhase;
			buildActionMask = 2147483647;
			files = (
			);
			runOnlyForDeploymentPostprocessing = 0;
		};
/* End PBXFrameworksBuildPhase section */

/* Begin PBXGroup section */
		04DD5163259A23EE0052C722 = {
			isa = PBXGroup;
			children = (
				04DD516E259A23EE0052C722 /* Psychotype */,
				04DD516D259A23EE0052C722 /* Products */,
			);
			sourceTree = "<group>";
		};
		04DD516D259A23EE0052C722 /* Products */ = {
			isa = PBXGroup;
			children = (
				04DD516C259A23EE0052C722 /* Psychotype.app */,
			);
			name = Products;
			sourceTree = "<group>";
		};
		04DD516E259A23EE0052C722 /* Psychotype */ = {
			isa = PBXGroup;
			children = (
				04DD516F259A23EE0052C722 /* AppDelegate.swift */,
				04DD5171259A23EE0052C722 /* SceneDelegate.swift */,
				04DD5173259A23EE0052C722 /* ViewController.swift */,
				04DD5175259A23EE0052C722 /* Main.storyboard */,
				04DD517B259A23EF0052C722 /* Assets.xcassets */,
				04DD517D259A23EF0052C722 /* LaunchScreen.storyboard */,
				04DD5180259A23EF0052C722 /* Info.plist */,
				04DD5178259A23EE0052C722 /* Psychotype.xcdatamodeld */,
			);
			path = Psychotype;
			sourceTree = "<group>";
		};
/* End PBXGroup section */

/* Begin PBXNativeTarget section */
		04DD516B259A23EE0052C722 /* Psychotype */ = {
			isa = PBXNativeTarget;
			buildConfigurationList = 04DD5183259A23EF0052C722 /* Build configuration list for PBXNativeTarget "Psychotype" */;
			buildPhases = (
				04DD5168259A23EE0052C722 /* Sources */,
				04DD5169259A23EE0052C722 /* Frameworks */,
				04DD516A259A23EE0052C722 /* Resources */,
			);
			buildRules = (
			);
			dependencies = (
			);
			name = Psychotype;
			productName = Psychotype;
			productReference = 04DD516C259A23EE0052C722 /* Psychotype.app */;
			productType = "com.apple.product-type.application";
		};
/* End PBXNativeTarget section */

/* Begin PBXProject section */
		04DD5164259A23EE0052C722 /* Project object */ = {
			isa = PBXProject;
			attributes = {
				LastSwiftUpdateCheck = 1210;
				LastUpgradeCheck = 1210;
				TargetAttributes = {
					04DD516B259A23EE0052C722 = {
						CreatedOnToolsVersion = 12.1;
					};
				};
			};
			buildConfigurationList = 04DD5167259A23EE0052C722 /* Build configuration list for PBXProject "Psychotype" */;
			compatibilityVersion = "Xcode 9.3";
			developmentRegion = en;
			hasScannedForEncodings = 0;
			knownRegions = (
				en,
				Base,
			);
			mainGroup = 04DD5163259A23EE0052C722;
			productRefGroup = 04DD516D259A23EE0052C722 /* Products */;
			projectDirPath = "";
			projectRoot = "";
			targets = (
				04DD516B259A23EE0052C722 /* Psychotype */,
			);
		};
/* End PBXProject section */

/* Begin PBXResourcesBuildPhase section */
		04DD516A259A23EE0052C722 /* Resources */ = {
			isa = PBXResourcesBuildPhase;
			buildActionMask = 2147483647;
			files = (
				04DD517F259A23EF0052C722 /* LaunchScreen.storyboard in Resources */,
				04DD517C259A23EF0052C722 /* Assets.xcassets in Resources */,
				04DD5177259A23EE0052C722 /* Main.storyboard in Resources */,
			);
			runOnlyForDeploymentPostprocessing = 0;
		};
/* End PBXResourcesBuildPhase section */

/* Begin PBXSourcesBuildPhase section */
		04DD5168259A23EE0052C722 /* Sources */ = {
			isa = PBXSourcesBuildPhase;
			buildActionMask = 2147483647;
			files = (
				04DD5174259A23EE0052C722 /* ViewController.swift in Sources */,
				04DD5170259A23EE0052C722 /* AppDelegate.swift in Sources */,
				04DD5172259A23EE0052C722 /* SceneDelegate.swift in Sources */,
				04DD517A259A23EE0052C722 /* Psychotype.xcdatamodeld in Sources */,
			);
			runOnlyForDeploymentPostprocessing = 0;
		};
/* End PBXSourcesBuildPhase section */

/* Begin PBXVariantGroup section */
		04DD5175259A23EE0052C722 /* Main.storyboard */ = {
			isa = PBXVariantGroup;
			children = (
				04DD5176259A23EE0052C722 /* Base */,
			);
			name = Main.storyboard;
			sourceTree = "<group>";
		};
		04DD517D259A23EF0052C722 /* LaunchScreen.storyboard */ = {
			isa = PBXVariantGroup;
			children = (
				04DD517E259A23EF0052C722 /* Base */,
			);
			name = LaunchScreen.storyboard;
			sourceTree = "<group>";
		};
/* End PBXVariantGroup section */

/* Begin XCBuildConfiguration section */
		04DD5181259A23EF0052C722 /* Debug */ = {
			isa = XCBuildConfiguration;
			buildSettings = {
				ALWAYS_SEARCH_USER_PATHS = NO;
				CLANG_ANALYZER_NONNULL = YES;
				CLANG_ANALYZER_NUMBER_OBJECT_CONVERSION = YES_AGGRESSIVE;
				CLANG_CXX_LANGUAGE_STANDARD = "gnu++14";
				CLANG_CXX_LIBRARY = "libc++";
				CLANG_ENABLE_MODULES = YES;
				CLANG_ENABLE_OBJC_ARC = YES;
				CLANG_ENABLE_OBJC_WEAK = YES;
				CLANG_WARN_BLOCK_CAPTURE_AUTORELEASING = YES;
				CLANG_WARN_BOOL_CONVERSION = YES;
				CLANG_WARN_COMMA = YES;
				CLANG_WARN_CONSTANT_CONVERSION = YES;
				CLANG_WARN_DEPRECATED_OBJC_IMPLEMENTATIONS = YES;
				CLANG_WARN_DIRECT_OBJC_ISA_USAGE = YES_ERROR;
				CLANG_WARN_DOCUMENTATION_COMMENTS = YES;
				CLANG_WARN_EMPTY_BODY = YES;
				CLANG_WARN_ENUM_CONVERSION = YES;
				CLANG_WARN_INFINITE_RECURSION = YES;
				CLANG_WARN_INT_CONVERSION = YES;
				CLANG_WARN_NON_LITERAL_NULL_CONVERSION = YES;
				CLANG_WARN_OBJC_IMPLICIT_RETAIN_SELF = YES;
				CLANG_WARN_OBJC_LITERAL_CONVERSION = YES;
				CLANG_WARN_OBJC_ROOT_CLASS = YES_ERROR;
				CLANG_WARN_QUOTED_INCLUDE_IN_FRAMEWORK_HEADER = YES;
				CLANG_WARN_RANGE_LOOP_ANALYSIS = YES;
				CLANG_WARN_STRICT_PROTOTYPES = YES;
				CLANG_WARN_SUSPICIOUS_MOVE = YES;
				CLANG_WARN_UNGUARDED_AVAILABILITY = YES_AGGRESSIVE;
				CLANG_WARN_UNREACHABLE_CODE = YES;
				CLANG_WARN__DUPLICATE_METHOD_MATCH = YES;
				COPY_PHASE_STRIP = NO;
				DEBUG_INFORMATION_FORMAT = dwarf;
				ENABLE_STRICT_OBJC_MSGSEND = YES;
				ENABLE_TESTABILITY = YES;
				GCC_C_LANGUAGE_STANDARD = gnu11;
				GCC_DYNAMIC_NO_PIC = NO;
				GCC_NO_COMMON_BLOCKS = YES;
				GCC_OPTIMIZATION_LEVEL = 0;
				GCC_PREPROCESSOR_DEFINITIONS = (
					"DEBUG=1",
					"$(inherited)",
				);
				GCC_WARN_64_TO_32_BIT_CONVERSION = YES;
				GCC_WARN_ABOUT_RETURN_TYPE = YES_ERROR;
				GCC_WARN_UNDECLARED_SELECTOR = YES;
				GCC_WARN_UNINITIALIZED_AUTOS = YES_AGGRESSIVE;
				GCC_WARN_UNUSED_FUNCTION = YES;
				GCC_WARN_UNUSED_VARIABLE = YES;
				IPHONEOS_DEPLOYMENT_TARGET = 14.1;
				MTL_ENABLE_DEBUG_INFO = INCLUDE_SOURCE;
				MTL_FAST_MATH = YES;
				ONLY_ACTIVE_ARCH = YES;
				SDKROOT = iphoneos;
				SWIFT_ACTIVE_COMPILATION_CONDITIONS = DEBUG;
				SWIFT_OPTIMIZATION_LEVEL = "-Onone";
			};
			name = Debug;
		};
		04DD5182259A23EF0052C722 /* Release */ = {
			isa = XCBuildConfiguration;
			buildSettings = {
				ALWAYS_SEARCH_USER_PATHS = NO;
				CLANG_ANALYZER_NONNULL = YES;
				CLANG_ANALYZER_NUMBER_OBJECT_CONVERSION = YES_AGGRESSIVE;
				CLANG_CXX_LANGUAGE_STANDARD = "gnu++14";
				CLANG_CXX_LIBRARY = "libc++";
				CLANG_ENABLE_MODULES = YES;
				CLANG_ENABLE_OBJC_ARC = YES;
				CLANG_ENABLE_OBJC_WEAK = YES;
				CLANG_WARN_BLOCK_CAPTURE_AUTORELEASING = YES;
				CLANG_WARN_BOOL_CONVERSION = YES;
				CLANG_WARN_COMMA = YES;
				CLANG_WARN_CONSTANT_CONVERSION = YES;
				CLANG_WARN_DEPRECATED_OBJC_IMPLEMENTATIONS = YES;
				CLANG_WARN_DIRECT_OBJC_ISA_USAGE = YES_ERROR;
				CLANG_WARN_DOCUMENTATION_COMMENTS = YES;
				CLANG_WARN_EMPTY_BODY = YES;
				CLANG_WARN_ENUM_CONVERSION = YES;
				CLANG_WARN_INFINITE_RECURSION = YES;
				CLANG_WARN_INT_CONVERSION = YES;
				CLANG_WARN_NON_LITERAL_NULL_CONVERSION = YES;
				CLANG_WARN_OBJC_IMPLICIT_RETAIN_SELF = YES;
				CLANG_WARN_OBJC_LITERAL_CONVERSION = YES;
				CLANG_WARN_OBJC_ROOT_CLASS = YES_ERROR;
				CLANG_WARN_QUOTED_INCLUDE_IN_FRAMEWORK_HEADER = YES;
				CLANG_WARN_RANGE_LOOP_ANALYSIS = YES;
				CLANG_WARN_STRICT_PROTOTYPES = YES;
				CLANG_WARN_SUSPICIOUS_MOVE = YES;
				CLANG_WARN_UNGUARDED_AVAILABILITY = YES_AGGRESSIVE;
				CLANG_WARN_UNREACHABLE_CODE = YES;
				CLANG_WARN__DUPLICATE_METHOD_MATCH = YES;
				COPY_PHASE_STRIP = NO;
				DEBUG_INFORMATION_FORMAT = "dwarf-with-dsym";
				ENABLE_NS_ASSERTIONS = NO;
				ENABLE_STRICT_OBJC_MSGSEND = YES;
				GCC_C_LANGUAGE_STANDARD = gnu11;
				GCC_NO_COMMON_BLOCKS = YES;
				GCC_WARN_64_TO_32_BIT_CONVERSION = YES;
				GCC_WARN_ABOUT_RETURN_TYPE = YES_ERROR;
				GCC_WARN_UNDECLARED_SELECTOR = YES;
				GCC_WARN_UNINITIALIZED_AUTOS = YES_AGGRESSIVE;
				GCC_WARN_UNUSED_FUNCTION = YES;
				GCC_WARN_UNUSED_VARIABLE = YES;
				IPHONEOS_DEPLOYMENT_TARGET = 14.1;
				MTL_ENABLE_DEBUG_INFO = NO;
				MTL_FAST_MATH = YES;
				SDKROOT = iphoneos;
				SWIFT_COMPILATION_MODE = wholemodule;
				SWIFT_OPTIMIZATION_LEVEL = "-O";
				VALIDATE_PRODUCT = YES;
			};
			name = Release;
		};
		04DD5184259A23EF0052C722 /* Debug */ = {
			isa = XCBuildConfiguration;
			buildSettings = {
				ASSETCATALOG_COMPILER_APPICON_NAME = AppIcon;
				ASSETCATALOG_COMPILER_GLOBAL_ACCENT_COLOR_NAME = AccentColor;
				CODE_SIGN_STYLE = Automatic;
				DEVELOPMENT_TEAM = CHTPQXNS34;
				INFOPLIST_FILE = Psychotype/Info.plist;
				LD_RUNPATH_SEARCH_PATHS = (
					"$(inherited)",
					"@executable_path/Frameworks",
				);
				PRODUCT_BUNDLE_IDENTIFIER = "Sofya-Zakharova.Psychotype";
				PRODUCT_NAME = "$(TARGET_NAME)";
				SWIFT_VERSION = 5.0;
				TARGETED_DEVICE_FAMILY = "1,2";
			};
			name = Debug;
		};
		04DD5185259A23EF0052C722 /* Release */ = {
			isa = XCBuildConfiguration;
			buildSettings = {
				ASSETCATALOG_COMPILER_APPICON_NAME = AppIcon;
				ASSETCATALOG_COMPILER_GLOBAL_ACCENT_COLOR_NAME = AccentColor;
				CODE_SIGN_STYLE = Automatic;
				DEVELOPMENT_TEAM = CHTPQXNS34;
				INFOPLIST_FILE = Psychotype/Info.plist;
				LD_RUNPATH_SEARCH_PATHS = (
					"$(inherited)",
					"@executable_path/Frameworks",
				);
				PRODUCT_BUNDLE_IDENTIFIER = "Sofya-Zakharova.Psychotype";
				PRODUCT_NAME = "$(TARGET_NAME)";
				SWIFT_VERSION = 5.0;
				TARGETED_DEVICE_FAMILY = "1,2";
			};
			name = Release;
		};
/* End XCBuildConfiguration section */

/* Begin XCConfigurationList section */
		04DD5167259A23EE0052C722 /* Build configuration list for PBXProject "Psychotype" */ = {
			isa = XCConfigurationList;
			buildConfigurations = (
				04DD5181259A23EF0052C722 /* Debug */,
				04DD5182259A23EF0052C722 /* Release */,
			);
			defaultConfigurationIsVisible = 0;
			defaultConfigurationName = Release;
		};
		04DD5183259A23EF0052C722 /* Build configuration list for PBXNativeTarget "Psychotype" */ = {
			isa = XCConfigurationList;
			buildConfigurations = (
				04DD5184259A23EF0052C722 /* Debug */,
				04DD5185259A23EF0052C722 /* Release */,
			);
			defaultConfigurationIsVisible = 0;
			defaultConfigurationName = Release;
		};
/* End XCConfigurationList section */

/* Begin XCVersionGroup section */
		04DD5178259A23EE0052C722 /* Psychotype.xcdatamodeld */ = {
			isa = XCVersionGroup;
			children = (
				04DD5179259A23EE0052C722 /* Psychotype.xcdatamodel */,
			);
			currentVersion = 04DD5179259A23EE0052C722 /* Psychotype.xcdatamodel */;
			path = Psychotype.xcdatamodeld;
			sourceTree = "<group>";
			versionGroupType = wrapper.xcdatamodel;
		};
/* End XCVersionGroup section */
	};
	rootObject = 04DD5164259A23EE0052C722 /* Project object */;
}
